
Microsoft Visual Studio Solution File, Format Version 12.00
Project("{FAE04EC0-301F-11D3-BF4B-00C04F79EFBC}") = "ContentContext", "ContentContext\ContentContext.csproj", "{85CFD419-A7B8-4F04-B0B0-1E0893FA1515}"
EndProject
Project("{2150E333-8FDC-42A3-9474-1A3956D46DE8}") = "OrientacaoObjetos", "OrientacaoObjetos", "{43B8BB98-10E3-4794-895E-EBD9492A0133}"
EndProject
Project("{FAE04EC0-301F-11D3-BF4B-00C04F79EFBC}") = "ConsoleApplication1", "ConsoleApplication1\ConsoleApplication1.csproj", "{78AD93E5-4771-408D-86B8-976CB8ACF350}"
EndProject
Project("{FAE04EC0-301F-11D3-BF4B-00C04F79EFBC}") = "NotificationContext", "NotificationContext\NotificationContext.csproj", "{8693F01A-FB11-48A5-BA2A-62E02321B5C2}"
EndProject
Project("{FAE04EC0-301F-11D3-BF4B-00C04F79EFBC}") = "SubscriptionContext", "SubscriptionContext\SubscriptionContext.csproj", "{11EEE861-0DA9-4683-BAAD-1CF5A411A469}"
EndProject
Global
	GlobalSection(SolutionConfigurationPlatforms) = preSolution
		Debug|Any CPU = Debug|Any CPU
		Release|Any CPU = Release|Any CPU
	EndGlobalSection
	GlobalSection(ProjectConfigurationPlatforms) = postSolution
		{85CFD419-A7B8-4F04-B0B0-1E0893FA1515}.Debug|Any CPU.ActiveCfg = Debug|Any CPU
		{85CFD419-A7B8-4F04-B0B0-1E0893FA1515}.Debug|Any CPU.Build.0 = Debug|Any CPU
		{85CFD419-A7B8-4F04-B0B0-1E0893FA1515}.Release|Any CPU.ActiveCfg = Release|Any CPU
		{85CFD419-A7B8-4F04-B0B0-1E0893FA1515}.Release|Any CPU.Build.0 = Release|Any CPU
		{78AD93E5-4771-408D-86B8-976CB8ACF350}.Debug|Any CPU.ActiveCfg = Debug|Any CPU
		{78AD93E5-4771-408D-86B8-976CB8ACF350}.Debug|Any CPU.Build.0 = Debug|Any CPU
		{78AD93E5-4771-408D-86B8-976CB8ACF350}.Release|Any CPU.ActiveCfg = Release|Any CPU
		{78AD93E5-4771-408D-86B8-976CB8ACF350}.Release|Any CPU.Build.0 = Release|Any CPU
		{8693F01A-FB11-48A5-BA2A-62E02321B5C2}.Debug|Any CPU.ActiveCfg = Debug|Any CPU
		{8693F01A-FB11-48A5-BA2A-62E02321B5C2}.Debug|Any CPU.Build.0 = Debug|Any CPU
		{8693F01A-FB11-48A5-BA2A-62E02321B5C2}.Release|Any CPU.ActiveCfg = Release|Any CPU
		{8693F01A-FB11-48A5-BA2A-62E02321B5C2}.Release|Any CPU.Build.0 = Release|Any CPU
		{11EEE861-0DA9-4683-BAAD-1CF5A411A469}.Debug|Any CPU.ActiveCfg = Debug|Any CPU
		{11EEE861-0DA9-4683-BAAD-1CF5A411A469}.Debug|Any CPU.Build.0 = Debug|Any CPU
		{11EEE861-0DA9-4683-BAAD-1CF5A411A469}.Release|Any CPU.ActiveCfg = Release|Any CPU
		{11EEE861-0DA9-4683-BAAD-1CF5A411A469}.Release|Any CPU.Build.0 = Release|Any CPU
	EndGlobalSection
	GlobalSection(NestedProjects) = preSolution
		{85CFD419-A7B8-4F04-B0B0-1E0893FA1515} = {43B8BB98-10E3-4794-895E-EBD9492A0133}
		{8693F01A-FB11-48A5-BA2A-62E02321B5C2} = {43B8BB98-10E3-4794-895E-EBD9492A0133}
		{11EEE861-0DA9-4683-BAAD-1CF5A411A469} = {43B8BB98-10E3-4794-895E-EBD9492A0133}
	EndGlobalSection
EndGlobal
