
Microsoft Visual Studio Solution File, Format Version 12.00
# Visual Studio Version 17
VisualStudioVersion = 17.3.32825.248
MinimumVisualStudioVersion = 10.0.40219.1
Project("{FAE04EC0-301F-11D3-BF4B-00C04F79EFBC}") = "BlogFundamentosAspNet", "BlogFundamentosAspNet\BlogFundamentosAspNet.csproj", "{2D4AB4B6-EA29-4584-AD8F-2DB2BF53C1C5}"
EndProject
Global
	GlobalSection(SolutionConfigurationPlatforms) = preSolution
		Debug|Any CPU = Debug|Any CPU
		Release|Any CPU = Release|Any CPU
	EndGlobalSection
	GlobalSection(ProjectConfigurationPlatforms) = postSolution
		{2D4AB4B6-EA29-4584-AD8F-2DB2BF53C1C5}.Debug|Any CPU.ActiveCfg = Debug|Any CPU
		{2D4AB4B6-EA29-4584-AD8F-2DB2BF53C1C5}.Debug|Any CPU.Build.0 = Debug|Any CPU
		{2D4AB4B6-EA29-4584-AD8F-2DB2BF53C1C5}.Release|Any CPU.ActiveCfg = Release|Any CPU
		{2D4AB4B6-EA29-4584-AD8F-2DB2BF53C1C5}.Release|Any CPU.Build.0 = Release|Any CPU
	EndGlobalSection
	GlobalSection(SolutionProperties) = preSolution
		HideSolutionNode = FALSE
	EndGlobalSection
	GlobalSection(ExtensibilityGlobals) = postSolution
		SolutionGuid = {04B7B803-1B1A-421D-A7A9-39FF35F5282B}
	EndGlobalSection
EndGlobal
