
Microsoft Visual Studio Solution File, Format Version 12.00
# Visual Studio Version 17
VisualStudioVersion = 17.3.32825.248
MinimumVisualStudioVersion = 10.0.40219.1
Project("{9A19103F-16F7-4668-BE54-9A1E7A4F7556}") = "MinhaApi", "MinhaApi.csproj", "{20312DA3-1439-4D84-8082-92D656BBE61A}"
EndProject
Global
	GlobalSection(SolutionConfigurationPlatforms) = preSolution
		Debug|Any CPU = Debug|Any CPU
		Release|Any CPU = Release|Any CPU
	EndGlobalSection
	GlobalSection(ProjectConfigurationPlatforms) = postSolution
		{20312DA3-1439-4D84-8082-92D656BBE61A}.Debug|Any CPU.ActiveCfg = Debug|Any CPU
		{20312DA3-1439-4D84-8082-92D656BBE61A}.Debug|Any CPU.Build.0 = Debug|Any CPU
		{20312DA3-1439-4D84-8082-92D656BBE61A}.Release|Any CPU.ActiveCfg = Release|Any CPU
		{20312DA3-1439-4D84-8082-92D656BBE61A}.Release|Any CPU.Build.0 = Release|Any CPU
	EndGlobalSection
	GlobalSection(SolutionProperties) = preSolution
		HideSolutionNode = FALSE
	EndGlobalSection
	GlobalSection(ExtensibilityGlobals) = postSolution
		SolutionGuid = {E51DB8BB-64C1-4437-90A8-F7B50E45E710}
	EndGlobalSection
EndGlobal
